uuid: c5d2d878-fb37-4869-bf7d-89960ad9a4a6
langcode: en
status: true
dependencies:
  config:
    - block_content.type.important_safety_information_isi
    - field.storage.block_content.field_css_style_block
id: block_content.important_safety_information_isi.field_css_style_block
field_name: field_css_style_block
entity_type: block_content
bundle: important_safety_information_isi
label: 'CSS Style Block'
description: ''
required: false
translatable: true
default_value: {  }
default_value_callback: ''
settings: {  }
field_type: string_long
